
Microsoft Visual Studio Solution File, Format Version 12.00
# Visual Studio Version 17
VisualStudioVersion = 17.6.33815.320
MinimumVisualStudioVersion = 10.0.40219.1
Project("{FAE04EC0-301F-11D3-BF4B-00C04F79EFBC}") = "SistemaEmprestimo", "SistemaEmprestimo\SistemaEmprestimo.csproj", "{F27C7CC4-5C0E-45B5-9EAA-2CFED0F4CD9C}"
EndProject
Global
	GlobalSection(SolutionConfigurationPlatforms) = preSolution
		Debug|Any CPU = Debug|Any CPU
		Release|Any CPU = Release|Any CPU
	EndGlobalSection
	GlobalSection(ProjectConfigurationPlatforms) = postSolution
		{F27C7CC4-5C0E-45B5-9EAA-2CFED0F4CD9C}.Debug|Any CPU.ActiveCfg = Debug|Any CPU
		{F27C7CC4-5C0E-45B5-9EAA-2CFED0F4CD9C}.Debug|Any CPU.Build.0 = Debug|Any CPU
		{F27C7CC4-5C0E-45B5-9EAA-2CFED0F4CD9C}.Release|Any CPU.ActiveCfg = Release|Any CPU
		{F27C7CC4-5C0E-45B5-9EAA-2CFED0F4CD9C}.Release|Any CPU.Build.0 = Release|Any CPU
	EndGlobalSection
	GlobalSection(SolutionProperties) = preSolution
		HideSolutionNode = FALSE
	EndGlobalSection
	GlobalSection(ExtensibilityGlobals) = postSolution
		SolutionGuid = {D4EDDEC0-5E56-488A-9775-FAD07A24207F}
	EndGlobalSection
EndGlobal
